
Microsoft Visual Studio Solution File, Format Version 12.00
# Visual Studio Version 17
VisualStudioVersion = 17.0.32112.339
MinimumVisualStudioVersion = 10.0.40219.1
Project("{9A19103F-16F7-4668-BE54-9A1E7A4F7556}") = "WmBlazor.Server", "Server\WmBlazor.Server.csproj", "{3F459D20-8C29-45E5-9BE7-36103157729B}"
EndProject
Project("{9A19103F-16F7-4668-BE54-9A1E7A4F7556}") = "WmBlazor.Client", "Client\WmBlazor.Client.csproj", "{882903C5-4283-4BA2-A9A3-ABEBA68F6CEF}"
EndProject
Project("{9A19103F-16F7-4668-BE54-9A1E7A4F7556}") = "WmBlazor.Shared", "Shared\WmBlazor.Shared.csproj", "{571D70FA-1968-43F4-ACD5-8B833F19D42E}"
EndProject
Global
	GlobalSection(SolutionConfigurationPlatforms) = preSolution
		Debug|Any CPU = Debug|Any CPU
		Release|Any CPU = Release|Any CPU
	EndGlobalSection
	GlobalSection(ProjectConfigurationPlatforms) = postSolution
		{3F459D20-8C29-45E5-9BE7-36103157729B}.Debug|Any CPU.ActiveCfg = Debug|Any CPU
		{3F459D20-8C29-45E5-9BE7-36103157729B}.Debug|Any CPU.Build.0 = Debug|Any CPU
		{3F459D20-8C29-45E5-9BE7-36103157729B}.Release|Any CPU.ActiveCfg = Release|Any CPU
		{3F459D20-8C29-45E5-9BE7-36103157729B}.Release|Any CPU.Build.0 = Release|Any CPU
		{882903C5-4283-4BA2-A9A3-ABEBA68F6CEF}.Debug|Any CPU.ActiveCfg = Debug|Any CPU
		{882903C5-4283-4BA2-A9A3-ABEBA68F6CEF}.Debug|Any CPU.Build.0 = Debug|Any CPU
		{882903C5-4283-4BA2-A9A3-ABEBA68F6CEF}.Release|Any CPU.ActiveCfg = Release|Any CPU
		{882903C5-4283-4BA2-A9A3-ABEBA68F6CEF}.Release|Any CPU.Build.0 = Release|Any CPU
		{571D70FA-1968-43F4-ACD5-8B833F19D42E}.Debug|Any CPU.ActiveCfg = Debug|Any CPU
		{571D70FA-1968-43F4-ACD5-8B833F19D42E}.Debug|Any CPU.Build.0 = Debug|Any CPU
		{571D70FA-1968-43F4-ACD5-8B833F19D42E}.Release|Any CPU.ActiveCfg = Release|Any CPU
		{571D70FA-1968-43F4-ACD5-8B833F19D42E}.Release|Any CPU.Build.0 = Release|Any CPU
	EndGlobalSection
	GlobalSection(SolutionProperties) = preSolution
		HideSolutionNode = FALSE
	EndGlobalSection
	GlobalSection(ExtensibilityGlobals) = postSolution
		SolutionGuid = {59F0BBAF-8746-4094-AB94-D78B982A8B55}
	EndGlobalSection
EndGlobal
